
Microsoft Visual Studio Solution File, Format Version 12.00
# Visual Studio 15
VisualStudioVersion = 15.0.27703.2042
MinimumVisualStudioVersion = 10.0.40219.1
Project("{FAE04EC0-301F-11D3-BF4B-00C04F79EFBC}") = "ReplayAnalyserLib", "ReplayAnalyserLib\ReplayAnalyserLib.csproj", "{0FF24A00-7E13-481B-B927-B2A9E31AC486}"
EndProject
Project("{FAE04EC0-301F-11D3-BF4B-00C04F79EFBC}") = "ReplayAnalyserTestConsole", "ReplayAnalyserTestConsole\ReplayAnalyserTestConsole.csproj", "{C484CF63-1573-4C9B-B991-287D8208D234}"
EndProject
Project("{9A19103F-16F7-4668-BE54-9A1E7A4F7556}") = "osu.Game.Rulesets.Osu", "H:\osu-tools\osu\osu.Game.Rulesets.Osu\osu.Game.Rulesets.Osu.csproj", "{6F5310F4-A44E-4B2A-8FE8-73CF85B49C6A}"
EndProject
Project("{9A19103F-16F7-4668-BE54-9A1E7A4F7556}") = "osu.Game", "H:\osu-tools\osu\osu.Game\osu.Game.csproj", "{B3DD2A5A-EF1C-41DB-BDDB-5E5E86C28E5E}"
EndProject
Project("{9A19103F-16F7-4668-BE54-9A1E7A4F7556}") = "osu.Game.Resources", "H:\osu-tools\osu\osu-resources\osu.Game.Resources\osu.Game.Resources.csproj", "{B24063EB-CABB-4388-8654-8FAC1594980E}"
EndProject
Global
	GlobalSection(SolutionConfigurationPlatforms) = preSolution
		Debug|Any CPU = Debug|Any CPU
		Release|Any CPU = Release|Any CPU
	EndGlobalSection
	GlobalSection(ProjectConfigurationPlatforms) = postSolution
		{0FF24A00-7E13-481B-B927-B2A9E31AC486}.Debug|Any CPU.ActiveCfg = Debug|Any CPU
		{0FF24A00-7E13-481B-B927-B2A9E31AC486}.Debug|Any CPU.Build.0 = Debug|Any CPU
		{0FF24A00-7E13-481B-B927-B2A9E31AC486}.Release|Any CPU.ActiveCfg = Release|Any CPU
		{0FF24A00-7E13-481B-B927-B2A9E31AC486}.Release|Any CPU.Build.0 = Release|Any CPU
		{C484CF63-1573-4C9B-B991-287D8208D234}.Debug|Any CPU.ActiveCfg = Debug|Any CPU
		{C484CF63-1573-4C9B-B991-287D8208D234}.Debug|Any CPU.Build.0 = Debug|Any CPU
		{C484CF63-1573-4C9B-B991-287D8208D234}.Release|Any CPU.ActiveCfg = Release|Any CPU
		{C484CF63-1573-4C9B-B991-287D8208D234}.Release|Any CPU.Build.0 = Release|Any CPU
		{6F5310F4-A44E-4B2A-8FE8-73CF85B49C6A}.Debug|Any CPU.ActiveCfg = Debug|Any CPU
		{6F5310F4-A44E-4B2A-8FE8-73CF85B49C6A}.Debug|Any CPU.Build.0 = Debug|Any CPU
		{6F5310F4-A44E-4B2A-8FE8-73CF85B49C6A}.Release|Any CPU.ActiveCfg = Release|Any CPU
		{6F5310F4-A44E-4B2A-8FE8-73CF85B49C6A}.Release|Any CPU.Build.0 = Release|Any CPU
		{B3DD2A5A-EF1C-41DB-BDDB-5E5E86C28E5E}.Debug|Any CPU.ActiveCfg = Debug|Any CPU
		{B3DD2A5A-EF1C-41DB-BDDB-5E5E86C28E5E}.Debug|Any CPU.Build.0 = Debug|Any CPU
		{B3DD2A5A-EF1C-41DB-BDDB-5E5E86C28E5E}.Release|Any CPU.ActiveCfg = Release|Any CPU
		{B3DD2A5A-EF1C-41DB-BDDB-5E5E86C28E5E}.Release|Any CPU.Build.0 = Release|Any CPU
		{B24063EB-CABB-4388-8654-8FAC1594980E}.Debug|Any CPU.ActiveCfg = Debug|Any CPU
		{B24063EB-CABB-4388-8654-8FAC1594980E}.Debug|Any CPU.Build.0 = Debug|Any CPU
		{B24063EB-CABB-4388-8654-8FAC1594980E}.Release|Any CPU.ActiveCfg = Release|Any CPU
		{B24063EB-CABB-4388-8654-8FAC1594980E}.Release|Any CPU.Build.0 = Release|Any CPU
	EndGlobalSection
	GlobalSection(SolutionProperties) = preSolution
		HideSolutionNode = FALSE
	EndGlobalSection
	GlobalSection(ExtensibilityGlobals) = postSolution
		SolutionGuid = {FB2958AC-0BAA-4A86-83FF-4E9E705705A8}
	EndGlobalSection
EndGlobal
